hash: 960f162047f04fac422c7243cad54fbd0e9b23be4a309b1fa70c3fc4d0e0cdb2
updated: 2016-08-30T16:03:24.192867982-05:00
imports:
- name: github.com/agl/ed25519
  version: 278e1ec8e8a6e017cd07577924d6766039146ced
  subpackages:
  - edwards25519
- name: github.com/btcsuite/btcd
  version: 2ef82e7db35dc8c499fa9091d768dc99bbaff893
  subpackages:
  - btcec
- name: github.com/btcsuite/fastsha256
  version: 637e656429416087660c84436a2a035d69d54e2e
- name: github.com/bugsnag/bugsnag-go
  version: 2b6337ec4aee214cc3ce46ee20d20a574ebbb1c7
  subpackages:
  - errors
- name: github.com/bugsnag/osext
  version: 0dd3f918b21bec95ace9dc86c7e70266cfc5c702
- name: github.com/bugsnag/panicwrap
  version: d6191e27ad06236eaad65d79e49a08b03b9f8029
- name: github.com/eris-ltd/common
  version: 92c437c9919c9d7baf60ef3d376461189c1c6c25
  subpackages:
  - go/common
- name: github.com/eris-ltd/eris-logger
  version: aa1d50814ef98f3e3b048e7ef67ffcb2076582b0
- name: github.com/go-stack/stack
  version: 100eb0c0a9c5b306ca2fb4f165df21d80ada4b82
- name: github.com/howeyc/gopass
  version: 3ca23474a7c7203e0a0a070fd33508f6efdb9b3d
- name: github.com/inconshreveable/mousetrap
  version: 76626ae9c91c4f2a10f34cad8ce83ea42c93bb75
- name: github.com/mattn/go-colorable
  version: ed8eb9e318d7a84ce5915b495b7d35e0cfe7b5a8
- name: github.com/mattn/go-isatty
  version: 66b8e73f3f5cda9f96b69efd03dd3d7fc4a5cdb8
- name: github.com/rs/cors
  version: a62a804a8a009876ca59105f7899938a1349f4b3
- name: github.com/rs/xhandler
  version: ed27b6fd65218132ee50cd95f38474a3d8a2cd12
- name: github.com/spf13/cobra
  version: 9c28e4bbd74e5c3ed7aacbc552b2cab7cfdfe744
- name: github.com/spf13/pflag
  version: 103ce5cd2042f2fe629c1957abb64ab3e7f50235
- name: github.com/tendermint/ed25519
  version: 1f52c6f8b8a5c7908aff4497c186af344b428925
  subpackages:
  - extra25519
  - edwards25519
- name: github.com/tendermint/go-common
  version: 3dabf304a16e42ce2db6a456ef508a75cdf17679
- name: github.com/tendermint/go-crypto
  version: 4b11d62bdb324027ea01554e5767b71174680ba0
- name: github.com/tendermint/go-logger
  version: cefb3a45c0bf3c493a04e9bcd9b1540528be59f2
- name: github.com/tendermint/go-wire
  version: 3b0adbc86ed8425eaed98516165b6788d9f4de7a
- name: github.com/tendermint/log15
  version: 9545b249b3aacafa97f79e0838b02b274adc6f5f
  subpackages:
  - term
- name: github.com/wayn3h0/go-uuid
  version: 71e8f6f01226f577139a7b4f9c8161f7311d3bac
  subpackages:
  - internal/dcesecurity
  - internal/layout
  - internal/namebased
  - internal/namebased/md5
  - internal/namebased/sha1
  - internal/random
  - internal/timebased
  - internal/version
- name: golang.org/x/crypto
  version: b13fc1fd382d01861b16b2e6474487d3d4d27f20
  subpackages:
  - ripemd160
  - scrypt
  - nacl/secretbox
  - openpgp/armor
  - pbkdf2
  - ssh/terminal
  - poly1305
  - salsa20/salsa
  - openpgp/errors
- name: golang.org/x/net
  version: 6250b412798208e6c90b03b7c4f226de5aa299e2
  subpackages:
  - context
- name: golang.org/x/sys
  version: a646d33e2ee3172a661fc09bca23bb4889a41bc8
  subpackages:
  - unix
devImports: []
